
Microsoft Visual Studio Solution File, Format Version 12.00
# Visual Studio 15
VisualStudioVersion = 15.0.28307.421
MinimumVisualStudioVersion = 10.0.40219.1
Project("{FAE04EC0-301F-11D3-BF4B-00C04F79EFBC}") = "ELibrary2", "ELibrary2\ELibrary2.csproj", "{F4AC3BF7-0625-4FA2-91BB-CF54265C8D01}"
EndProject
Global
	GlobalSection(SolutionConfigurationPlatforms) = preSolution
		Debug|Any CPU = Debug|Any CPU
		Release|Any CPU = Release|Any CPU
	EndGlobalSection
	GlobalSection(ProjectConfigurationPlatforms) = postSolution
		{F4AC3BF7-0625-4FA2-91BB-CF54265C8D01}.Debug|Any CPU.ActiveCfg = Debug|Any CPU
		{F4AC3BF7-0625-4FA2-91BB-CF54265C8D01}.Debug|Any CPU.Build.0 = Debug|Any CPU
		{F4AC3BF7-0625-4FA2-91BB-CF54265C8D01}.Release|Any CPU.ActiveCfg = Release|Any CPU
		{F4AC3BF7-0625-4FA2-91BB-CF54265C8D01}.Release|Any CPU.Build.0 = Release|Any CPU
	EndGlobalSection
	GlobalSection(SolutionProperties) = preSolution
		HideSolutionNode = FALSE
	EndGlobalSection
	GlobalSection(ExtensibilityGlobals) = postSolution
		SolutionGuid = {0158A2C0-B206-4CC0-9EFD-79BE309C26DB}
	EndGlobalSection
EndGlobal
